
Microsoft Visual Studio Solution File, Format Version 12.00
# Visual Studio 15
VisualStudioVersion = 15.0.27130.2026
MinimumVisualStudioVersion = 10.0.40219.1
Project("{FAE04EC0-301F-11D3-BF4B-00C04F79EFBC}") = "SampleNancyBlackSite", "SampleNancyBlackSite\SampleNancyBlackSite.csproj", "{11DA5B4A-A35F-494C-BADD-D549BCF9835F}"
EndProject
Global
	GlobalSection(SolutionConfigurationPlatforms) = preSolution
		Debug|Any CPU = Debug|Any CPU
		Release|Any CPU = Release|Any CPU
	EndGlobalSection
	GlobalSection(ProjectConfigurationPlatforms) = postSolution
		{11DA5B4A-A35F-494C-BADD-D549BCF9835F}.Debug|Any CPU.ActiveCfg = Debug|Any CPU
		{11DA5B4A-A35F-494C-BADD-D549BCF9835F}.Debug|Any CPU.Build.0 = Debug|Any CPU
		{11DA5B4A-A35F-494C-BADD-D549BCF9835F}.Release|Any CPU.ActiveCfg = Release|Any CPU
		{11DA5B4A-A35F-494C-BADD-D549BCF9835F}.Release|Any CPU.Build.0 = Release|Any CPU
	EndGlobalSection
	GlobalSection(SolutionProperties) = preSolution
		HideSolutionNode = FALSE
	EndGlobalSection
	GlobalSection(ExtensibilityGlobals) = postSolution
		SolutionGuid = {34CEBFA5-BA71-4033-B094-4CF67F796882}
	EndGlobalSection
EndGlobal
